
Microsoft Visual Studio Solution File, Format Version 12.00
# Visual Studio Version 17
VisualStudioVersion = 17.2.32602.215
MinimumVisualStudioVersion = 10.0.40219.1
Project("{9A19103F-16F7-4668-BE54-9A1E7A4F7556}") = "Downtime_and_service", "Downtime_and_service\Downtime_and_service.csproj", "{B6ED4E41-D00F-4579-9B7D-99F11F97B5F2}"
EndProject
Global
	GlobalSection(SolutionConfigurationPlatforms) = preSolution
		Debug|Any CPU = Debug|Any CPU
		Release|Any CPU = Release|Any CPU
	EndGlobalSection
	GlobalSection(ProjectConfigurationPlatforms) = postSolution
		{B6ED4E41-D00F-4579-9B7D-99F11F97B5F2}.Debug|Any CPU.ActiveCfg = Debug|Any CPU
		{B6ED4E41-D00F-4579-9B7D-99F11F97B5F2}.Debug|Any CPU.Build.0 = Debug|Any CPU
		{B6ED4E41-D00F-4579-9B7D-99F11F97B5F2}.Release|Any CPU.ActiveCfg = Release|Any CPU
		{B6ED4E41-D00F-4579-9B7D-99F11F97B5F2}.Release|Any CPU.Build.0 = Release|Any CPU
	EndGlobalSection
	GlobalSection(SolutionProperties) = preSolution
		HideSolutionNode = FALSE
	EndGlobalSection
	GlobalSection(ExtensibilityGlobals) = postSolution
		SolutionGuid = {D30A4F93-D84D-4E42-A955-0FEA572B3B42}
	EndGlobalSection
EndGlobal
